
Microsoft Visual Studio Solution File, Format Version 12.00
# Visual Studio Version 16
VisualStudioVersion = 16.0.29806.167
MinimumVisualStudioVersion = 10.0.40219.1
Project("{FAE04EC0-301F-11D3-BF4B-00C04F79EFBC}") = "My.Linq", "My.Linq.csproj", "{8A8F9F24-62C8-46B7-AB9D-A2E35A87B2F8}"
EndProject
Project("{FAE04EC0-301F-11D3-BF4B-00C04F79EFBC}") = "My.Linq.Test", "..\My.Linq.Test\My.Linq.Test.csproj", "{866ABAD8-69EB-48E4-9D55-5BDBEB189BB2}"
EndProject
Global
	GlobalSection(SolutionConfigurationPlatforms) = preSolution
		Debug|Any CPU = Debug|Any CPU
		Release|Any CPU = Release|Any CPU
	EndGlobalSection
	GlobalSection(ProjectConfigurationPlatforms) = postSolution
		{8A8F9F24-62C8-46B7-AB9D-A2E35A87B2F8}.Debug|Any CPU.ActiveCfg = Debug|Any CPU
		{8A8F9F24-62C8-46B7-AB9D-A2E35A87B2F8}.Debug|Any CPU.Build.0 = Debug|Any CPU
		{8A8F9F24-62C8-46B7-AB9D-A2E35A87B2F8}.Release|Any CPU.ActiveCfg = Release|Any CPU
		{8A8F9F24-62C8-46B7-AB9D-A2E35A87B2F8}.Release|Any CPU.Build.0 = Release|Any CPU
		{866ABAD8-69EB-48E4-9D55-5BDBEB189BB2}.Debug|Any CPU.ActiveCfg = Debug|Any CPU
		{866ABAD8-69EB-48E4-9D55-5BDBEB189BB2}.Debug|Any CPU.Build.0 = Debug|Any CPU
		{866ABAD8-69EB-48E4-9D55-5BDBEB189BB2}.Release|Any CPU.ActiveCfg = Release|Any CPU
		{866ABAD8-69EB-48E4-9D55-5BDBEB189BB2}.Release|Any CPU.Build.0 = Release|Any CPU
	EndGlobalSection
	GlobalSection(SolutionProperties) = preSolution
		HideSolutionNode = FALSE
	EndGlobalSection
	GlobalSection(ExtensibilityGlobals) = postSolution
		SolutionGuid = {4613E3B3-2FCC-442C-89C0-B598942B0945}
	EndGlobalSection
EndGlobal
